
Microsoft Visual Studio Solution File, Format Version 12.00
# Visual Studio Version 16
VisualStudioVersion = 16.0.31702.278
MinimumVisualStudioVersion = 10.0.40219.1
Project("{9A19103F-16F7-4668-BE54-9A1E7A4F7556}") = "9 лаба", "9 лаба.csproj", "{151FF254-F313-404E-9D96-0C743E500DB7}"
EndProject
Project("{FAE04EC0-301F-11D3-BF4B-00C04F79EFBC}") = "Game", "..\Game\Game.csproj", "{DFC65237-AB2C-4EF4-96AF-5AF22F9ADFF0}"
EndProject
Global
	GlobalSection(SolutionConfigurationPlatforms) = preSolution
		Debug|Any CPU = Debug|Any CPU
		Release|Any CPU = Release|Any CPU
	EndGlobalSection
	GlobalSection(ProjectConfigurationPlatforms) = postSolution
		{151FF254-F313-404E-9D96-0C743E500DB7}.Debug|Any CPU.ActiveCfg = Debug|Any CPU
		{151FF254-F313-404E-9D96-0C743E500DB7}.Debug|Any CPU.Build.0 = Debug|Any CPU
		{151FF254-F313-404E-9D96-0C743E500DB7}.Release|Any CPU.ActiveCfg = Release|Any CPU
		{151FF254-F313-404E-9D96-0C743E500DB7}.Release|Any CPU.Build.0 = Release|Any CPU
		{DFC65237-AB2C-4EF4-96AF-5AF22F9ADFF0}.Debug|Any CPU.ActiveCfg = Debug|Any CPU
		{DFC65237-AB2C-4EF4-96AF-5AF22F9ADFF0}.Debug|Any CPU.Build.0 = Debug|Any CPU
		{DFC65237-AB2C-4EF4-96AF-5AF22F9ADFF0}.Release|Any CPU.ActiveCfg = Release|Any CPU
		{DFC65237-AB2C-4EF4-96AF-5AF22F9ADFF0}.Release|Any CPU.Build.0 = Release|Any CPU
	EndGlobalSection
	GlobalSection(SolutionProperties) = preSolution
		HideSolutionNode = FALSE
	EndGlobalSection
	GlobalSection(ExtensibilityGlobals) = postSolution
		SolutionGuid = {0B144E96-B402-4B49-964D-8B5C55E56BF3}
	EndGlobalSection
EndGlobal
