
Microsoft Visual Studio Solution File, Format Version 12.00
# Visual Studio Version 16
VisualStudioVersion = 16.0.31702.278
MinimumVisualStudioVersion = 10.0.40219.1
Project("{FAE04EC0-301F-11D3-BF4B-00C04F79EFBC}") = "5 лаба", "5 лаба.csproj", "{CD107B66-1EB3-4D35-BC20-20AD9C57BF4A}"
EndProject
Global
	GlobalSection(SolutionConfigurationPlatforms) = preSolution
		Debug|Any CPU = Debug|Any CPU
		Release|Any CPU = Release|Any CPU
	EndGlobalSection
	GlobalSection(ProjectConfigurationPlatforms) = postSolution
		{CD107B66-1EB3-4D35-BC20-20AD9C57BF4A}.Debug|Any CPU.ActiveCfg = Debug|Any CPU
		{CD107B66-1EB3-4D35-BC20-20AD9C57BF4A}.Debug|Any CPU.Build.0 = Debug|Any CPU
		{CD107B66-1EB3-4D35-BC20-20AD9C57BF4A}.Release|Any CPU.ActiveCfg = Release|Any CPU
		{CD107B66-1EB3-4D35-BC20-20AD9C57BF4A}.Release|Any CPU.Build.0 = Release|Any CPU
	EndGlobalSection
	GlobalSection(SolutionProperties) = preSolution
		HideSolutionNode = FALSE
	EndGlobalSection
	GlobalSection(ExtensibilityGlobals) = postSolution
		SolutionGuid = {3C1EF675-6385-447F-BFBB-8580D1765049}
	EndGlobalSection
EndGlobal
